Microsoft Visual Studio Solution File, Format Version 11.00
# Visual Studio 2008

Project("{ABA7441B-00C4-61B3-9796-1169E1A97793}") = "Games2Win_UI_Assignment", "Assembly-CSharp.csproj", "{468F29CC-3898-C13D-8F53-3B445A21A408}"
EndProject
Global
	GlobalSection(SolutionConfigurationPlatforms) = preSolution
		Debug|Any CPU = Debug|Any CPU
		Release|Any CPU = Release|Any CPU
	EndGlobalSection
	GlobalSection(ProjectConfigurationPlatforms) = postSolution
		{468F29CC-3898-C13D-8F53-3B445A21A408}.Debug|Any CPU.ActiveCfg = Debug|Any CPU
		{468F29CC-3898-C13D-8F53-3B445A21A408}.Debug|Any CPU.Build.0 = Debug|Any CPU
		{468F29CC-3898-C13D-8F53-3B445A21A408}.Release|Any CPU.ActiveCfg = Release|Any CPU
		{468F29CC-3898-C13D-8F53-3B445A21A408}.Release|Any CPU.Build.0 = Release|Any CPU
	EndGlobalSection
	GlobalSection(SolutionProperties) = preSolution
		HideSolutionNode = FALSE
	EndGlobalSection
	GlobalSection(MonoDevelopProperties) = preSolution
		StartupItem = Assembly-CSharp.csproj
	EndGlobalSection
EndGlobal
